
Microsoft Visual Studio Solution File, Format Version 12.00
# Visual Studio Version 16
VisualStudioVersion = 16.0.31112.23
MinimumVisualStudioVersion = 10.0.40219.1
Project("{FAE04EC0-301F-11D3-BF4B-00C04F79EFBC}") = "GP_API", "GP_API\GP_API.csproj", "{C0E9AEBD-8A5D-4E82-9785-2F24BEBE099D}"
EndProject
Project("{FAE04EC0-301F-11D3-BF4B-00C04F79EFBC}") = "DAL", "DAL\DAL.csproj", "{C84AA90A-6270-415A-9CA0-11726203E99C}"
EndProject
Global
	GlobalSection(SolutionConfigurationPlatforms) = preSolution
		Debug|Any CPU = Debug|Any CPU
		Release|Any CPU = Release|Any CPU
	EndGlobalSection
	GlobalSection(ProjectConfigurationPlatforms) = postSolution
		{C0E9AEBD-8A5D-4E82-9785-2F24BEBE099D}.Debug|Any CPU.ActiveCfg = Debug|Any CPU
		{C0E9AEBD-8A5D-4E82-9785-2F24BEBE099D}.Debug|Any CPU.Build.0 = Debug|Any CPU
		{C0E9AEBD-8A5D-4E82-9785-2F24BEBE099D}.Release|Any CPU.ActiveCfg = Release|Any CPU
		{C0E9AEBD-8A5D-4E82-9785-2F24BEBE099D}.Release|Any CPU.Build.0 = Release|Any CPU
		{C84AA90A-6270-415A-9CA0-11726203E99C}.Debug|Any CPU.ActiveCfg = Debug|Any CPU
		{C84AA90A-6270-415A-9CA0-11726203E99C}.Debug|Any CPU.Build.0 = Debug|Any CPU
		{C84AA90A-6270-415A-9CA0-11726203E99C}.Release|Any CPU.ActiveCfg = Release|Any CPU
		{C84AA90A-6270-415A-9CA0-11726203E99C}.Release|Any CPU.Build.0 = Release|Any CPU
	EndGlobalSection
	GlobalSection(SolutionProperties) = preSolution
		HideSolutionNode = FALSE
	EndGlobalSection
	GlobalSection(ExtensibilityGlobals) = postSolution
		SolutionGuid = {AA41E604-63EF-4B08-AE59-7E226A5D195E}
	EndGlobalSection
EndGlobal
